
Microsoft Visual Studio Solution File, Format Version 12.00
# Visual Studio Version 16
VisualStudioVersion = 16.0.31702.278
MinimumVisualStudioVersion = 10.0.40219.1
Project("{FAE04EC0-301F-11D3-BF4B-00C04F79EFBC}") = "Leetcode.Tests", "Leetcode.Tests\Leetcode.Tests.csproj", "{08200C52-67EA-4002-B865-B2CE0BA6827E}"
EndProject
Global
	GlobalSection(SolutionConfigurationPlatforms) = preSolution
		Debug|Any CPU = Debug|Any CPU
		Release|Any CPU = Release|Any CPU
	EndGlobalSection
	GlobalSection(ProjectConfigurationPlatforms) = postSolution
		{08200C52-67EA-4002-B865-B2CE0BA6827E}.Debug|Any CPU.ActiveCfg = Debug|Any CPU
		{08200C52-67EA-4002-B865-B2CE0BA6827E}.Debug|Any CPU.Build.0 = Debug|Any CPU
		{08200C52-67EA-4002-B865-B2CE0BA6827E}.Release|Any CPU.ActiveCfg = Release|Any CPU
		{08200C52-67EA-4002-B865-B2CE0BA6827E}.Release|Any CPU.Build.0 = Release|Any CPU
	EndGlobalSection
	GlobalSection(SolutionProperties) = preSolution
		HideSolutionNode = FALSE
	EndGlobalSection
	GlobalSection(ExtensibilityGlobals) = postSolution
		SolutionGuid = {0837A69C-FD6E-4913-95BC-38E8AE140CE6}
	EndGlobalSection
EndGlobal
